github.com/SCKelemen/lang/scanner v0.0.0-20200126025415-66d2a05ec781 h1:p9WflnuwZCW+RN9ubFd/9hrtwHgUwwZ1AqrnA6Vk2UU=
github.com/SCKelemen/lang/scanner v0.0.0-20200126025415-66d2a05ec781/go.mod h1:R2RB25/vSIUx8+5L9RB2Q4gErGhYuvYIPQgAwEQDuWg=
github.com/SCKelemen/lang/token v0.0.0-20200126025415-66d2a05ec781/go.mod h1:YauVKS4/DOB1ViAh0B2oCnkzqjENKMbjmfj2/B1n0E0=
