github.com/SCKelemen/lang v0.0.0-20200126025415-66d2a05ec781 h1:XnWbmsiVha95+o0uXLUMrozdpQLqeeOwZbETpCstjgg=
github.com/SCKelemen/lang/token v0.0.0-20200126025415-66d2a05ec781 h1:yHnayCRRBon4cMHAL3Wd7PR0IEzy+WmpywJC5zVQr34=
github.com/SCKelemen/lang/token v0.0.0-20200126025415-66d2a05ec781/go.mod h1:YauVKS4/DOB1ViAh0B2oCnkzqjENKMbjmfj2/B1n0E0=
