github.com/SCKelemen/lang v0.0.0-20200209012110-d0181be7a1f4 h1:HYlhS3vET/etptd+0PRoN7sXAiQD4JlMlzItrsw6+Lg=
github.com/SCKelemen/lang/token v0.0.0-20200209012110-d0181be7a1f4 h1:JgVysnDEZscvSQuiifBdVRasErGCl3Psv+0z2xPZ2iI=
github.com/SCKelemen/lang/token v0.0.0-20200209012110-d0181be7a1f4/go.mod h1:YauVKS4/DOB1ViAh0B2oCnkzqjENKMbjmfj2/B1n0E0=
